{
  "name": "@form-it/prompt",
  "version": "0.0.2",
  "lockfileVersion": 1,
  "requires": true,
  "dependencies": {
    "@rcp/c.prompt": {
      "version": "1.0.1",
      "resolved": "https://registry.npmjs.org/@rcp/c.prompt/-/c.prompt-1.0.1.tgz",
      "integrity": "sha512-4R8YuvLORdHbdiPxKmw+sjZvTUwwBwyRMjL7ShwFU4MAlDmvF66CWmWrOaBjEV9Zj5Bv465rEiLh2dduDAbArQ==",
      "requires": {
        "@rcp/util.open": "^1.0.2",
        "lodash.isequal": "^4.5.0"
      },
      "dependencies": {
        "@rcp/util.createmount": {
          "version": "1.0.16",
          "resolved": "https://registry.npmjs.org/@rcp/util.createmount/-/util.createmount-1.0.16.tgz",
          "integrity": "sha512-RjXPg2TDpqnOuarEyg91e8FkV9XAnLBAMm5FhyN3xwPPemRFX2G0jhJCJUV67TozoMwO6ttte8LTxpUMxNbPYA=="
        },
        "@rcp/util.open": {
          "version": "1.0.2",
          "resolved": "https://registry.npmjs.org/@rcp/util.open/-/util.open-1.0.2.tgz",
          "integrity": "sha512-768dJaOo9g4qCMlIEbj/HA9WRcdNRk7jFLhGSKFFYCsQnKx45j1inC0wkbwVDE8D4FImmddtIpCUabQiCFOjhQ==",
          "requires": {
            "@rcp/util.createmount": "^1.0.16",
            "lazy-value": "^2.0.0"
          }
        },
        "lazy-value": {
          "version": "2.0.0",
          "resolved": "https://registry.npmjs.org/lazy-value/-/lazy-value-2.0.0.tgz",
          "integrity": "sha512-cqqJhpKz+efFSgfQZopVEZHPMwZB9fm4qe6+BDkCPZKM/BLn9G3G2ntqmgbDPP9npoWm575GwiZERSSQinE9cA=="
        },
        "lodash.isequal": {
          "version": "4.5.0",
          "resolved": "https://registry.npmjs.org/lodash.isequal/-/lodash.isequal-4.5.0.tgz",
          "integrity": "sha1-QVxEePK8wwEgwizhDtMib30+GOA="
        }
      }
    },
    "react": {
      "version": "17.0.1",
      "resolved": "https://registry.npmjs.org/react/-/react-17.0.1.tgz",
      "integrity": "sha512-lG9c9UuMHdcAexXtigOZLX8exLWkW0Ku29qPRU8uhF2R9BN96dLCt0psvzPLlHc5OWkgymP3qwTRgbnw5BKx3w==",
      "dev": true,
      "requires": {
        "loose-envify": "^1.1.0",
        "object-assign": "^4.1.1"
      },
      "dependencies": {
        "js-tokens": {
          "version": "4.0.0",
          "resolved": "https://registry.npmjs.org/js-tokens/-/js-tokens-4.0.0.tgz",
          "integrity": "sha512-RdJUflcE3cUzKiMqQgsCu06FPu9UdIJO0beYbPhHN4k6apgJtifcoCtT9bcxOpYBtpD2kCM6Sbzg4CausW/PKQ==",
          "dev": true
        },
        "loose-envify": {
          "version": "1.4.0",
          "resolved": "https://registry.npmjs.org/loose-envify/-/loose-envify-1.4.0.tgz",
          "integrity": "sha512-lyuxPGr/Wfhrlem2CL/UcnUc1zcqKAImBDzukY7Y5F/yQiNdko6+fRLevlw1HgMySw7f611UIY408EtxRSoK3Q==",
          "dev": true,
          "requires": {
            "js-tokens": "^3.0.0 || ^4.0.0"
          }
        },
        "object-assign": {
          "version": "4.1.1",
          "resolved": "https://registry.npmjs.org/object-assign/-/object-assign-4.1.1.tgz",
          "integrity": "sha1-IQmtx5ZYh8/AXLvUQsrIv7s2CGM=",
          "dev": true
        }
      }
    }
  }
}
